{
  "name": "homebridge-systemair-vr700",
  "version": "0.5.3",
  "lockfileVersion": 3,
  "requires": true,
  "packages": {
    "": {
      "name": "homebridge-systemair-vr700",
      "version": "0.5.3",
      "license": "MIT",
      "engines": {
        "homebridge": ">=1.3.0",
        "node": ">=14.0.0"
      }
    }
  }
}
